
Microsoft Visual Studio Solution File, Format Version 12.00
# Visual Studio Version 17
VisualStudioVersion = 17.11.35312.102
MinimumVisualStudioVersion = 10.0.40219.1
Project("{8BC9CEB8-8B4A-11D0-8D11-00A0C91BC942}") = "lab5_ex3", "lab5_ex3.vcxproj", "{550692C5-3B72-479B-AD82-FD918008A0E6}"
EndProject
Global
	GlobalSection(SolutionConfigurationPlatforms) = preSolution
		Debug|x64 = Debug|x64
		Debug|x86 = Debug|x86
		Release|x64 = Release|x64
		Release|x86 = Release|x86
	EndGlobalSection
	GlobalSection(ProjectConfigurationPlatforms) = postSolution
		{550692C5-3B72-479B-AD82-FD918008A0E6}.Debug|x64.ActiveCfg = Debug|x64
		{550692C5-3B72-479B-AD82-FD918008A0E6}.Debug|x64.Build.0 = Debug|x64
		{550692C5-3B72-479B-AD82-FD918008A0E6}.Debug|x86.ActiveCfg = Debug|Win32
		{550692C5-3B72-479B-AD82-FD918008A0E6}.Debug|x86.Build.0 = Debug|Win32
		{550692C5-3B72-479B-AD82-FD918008A0E6}.Release|x64.ActiveCfg = Release|x64
		{550692C5-3B72-479B-AD82-FD918008A0E6}.Release|x64.Build.0 = Release|x64
		{550692C5-3B72-479B-AD82-FD918008A0E6}.Release|x86.ActiveCfg = Release|Win32
		{550692C5-3B72-479B-AD82-FD918008A0E6}.Release|x86.Build.0 = Release|Win32
	EndGlobalSection
	GlobalSection(SolutionProperties) = preSolution
		HideSolutionNode = FALSE
	EndGlobalSection
	GlobalSection(ExtensibilityGlobals) = postSolution
		SolutionGuid = {95933FF9-7B3F-4D6B-8228-D0AB7740E6EA}
	EndGlobalSection
EndGlobal
